
Microsoft Visual Studio Solution File, Format Version 12.00
# Visual Studio Version 16
VisualStudioVersion = 16.0.30907.101
MinimumVisualStudioVersion = 10.0.40219.1
Project("{FAE04EC0-301F-11D3-BF4B-00C04F79EFBC}") = "HashTable", "HashTable\HashTable.csproj", "{32CA5497-DF08-43BA-B22E-8D1B56A63AF5}"
EndProject
Global
	GlobalSection(SolutionConfigurationPlatforms) = preSolution
		Debug|Any CPU = Debug|Any CPU
		Release|Any CPU = Release|Any CPU
	EndGlobalSection
	GlobalSection(ProjectConfigurationPlatforms) = postSolution
		{32CA5497-DF08-43BA-B22E-8D1B56A63AF5}.Debug|Any CPU.ActiveCfg = Debug|Any CPU
		{32CA5497-DF08-43BA-B22E-8D1B56A63AF5}.Debug|Any CPU.Build.0 = Debug|Any CPU
		{32CA5497-DF08-43BA-B22E-8D1B56A63AF5}.Release|Any CPU.ActiveCfg = Release|Any CPU
		{32CA5497-DF08-43BA-B22E-8D1B56A63AF5}.Release|Any CPU.Build.0 = Release|Any CPU
	EndGlobalSection
	GlobalSection(SolutionProperties) = preSolution
		HideSolutionNode = FALSE
	EndGlobalSection
	GlobalSection(ExtensibilityGlobals) = postSolution
		SolutionGuid = {D891B42D-080B-4782-A89A-E298AB1F5EB8}
	EndGlobalSection
EndGlobal
